// !$*UTF8*$!
{
	archiveVersion = 1;
	classes = {
	};
	objectVersion = 56;
	objects = {

/* Begin PBXBuildFile section */
		237F9F43A07E286EB4DE750C /* Pods_ProjectStoryboadDio.framework in Frameworks */ = {isa = PBXBuildFile; fileRef = DFDE437E609F599E3587E765 /* Pods_ProjectStoryboadDio.framework */; };
		B63ADFC02ADF2CF80022024E /* AppDelegate.swift in Sources */ = {isa = PBXBuildFile; fileRef = B63ADFBF2ADF2CF80022024E /* AppDelegate.swift */; };
		B63ADFC22ADF2CF80022024E /* SceneDelegate.swift in Sources */ = {isa = PBXBuildFile; fileRef = B63ADFC12ADF2CF80022024E /* SceneDelegate.swift */; };
		B63ADFC42ADF2CF80022024E /* PizzaListViewController.swift in Sources */ = {isa = PBXBuildFile; fileRef = B63ADFC32ADF2CF80022024E /* PizzaListViewController.swift */; };
		B63ADFC72ADF2CF80022024E /* Main.storyboard in Resources */ = {isa = PBXBuildFile; fileRef = B63ADFC52ADF2CF80022024E /* Main.storyboard */; };
		B63ADFC92ADF2CFB0022024E /* Assets.xcassets in Resources */ = {isa = PBXBuildFile; fileRef = B63ADFC82ADF2CFB0022024E /* Assets.xcassets */; };
		B63ADFCC2ADF2CFB0022024E /* LaunchScreen.storyboard in Resources */ = {isa = PBXBuildFile; fileRef = B63ADFCA2ADF2CFB0022024E /* LaunchScreen.storyboard */; };
		B63ADFDE2ADF343F0022024E /* PizzaListCell.swift in Sources */ = {isa = PBXBuildFile; fileRef = B63ADFDC2ADF343F0022024E /* PizzaListCell.swift */; };
		B63ADFDF2ADF343F0022024E /* PizzaListCell.xib in Resources */ = {isa = PBXBuildFile; fileRef = B63ADFDD2ADF343F0022024E /* PizzaListCell.xib */; };
		B63ADFE32ADF46170022024E /* PizzaDetailView.swift in Sources */ = {isa = PBXBuildFile; fileRef = B63ADFE22ADF46170022024E /* PizzaDetailView.swift */; };
		B63ADFE52ADF47660022024E /* PizzaDetailViewController.swift in Sources */ = {isa = PBXBuildFile; fileRef = B63ADFE42ADF47660022024E /* PizzaDetailViewController.swift */; };
		B66B93932ADF674200C16EAA /* Constants.swift in Sources */ = {isa = PBXBuildFile; fileRef = B66B93922ADF674200C16EAA /* Constants.swift */; };
		B66B93952ADF679300C16EAA /* Request.swift in Sources */ = {isa = PBXBuildFile; fileRef = B66B93942ADF679300C16EAA /* Request.swift */; };
		B66B93972ADF67D100C16EAA /* Pizza.swift in Sources */ = {isa = PBXBuildFile; fileRef = B66B93962ADF67D100C16EAA /* Pizza.swift */; };
		B66B93992ADF697800C16EAA /* PizzaListViewModel.swift in Sources */ = {isa = PBXBuildFile; fileRef = B66B93982ADF697800C16EAA /* PizzaListViewModel.swift */; };
		B66B939B2ADF758B00C16EAA /* PizzaDetailViewModel.swift in Sources */ = {isa = PBXBuildFile; fileRef = B66B939A2ADF758B00C16EAA /* PizzaDetailViewModel.swift */; };
		B66B939F2ADF89B800C16EAA /* PizzaDescriptionView.swift in Sources */ = {isa = PBXBuildFile; fileRef = B66B939E2ADF89B800C16EAA /* PizzaDescriptionView.swift */; };
		B66B93A12ADF8ACF00C16EAA /* PizzaDescriptionViewController.swift in Sources */ = {isa = PBXBuildFile; fileRef = B66B93A02ADF8ACF00C16EAA /* PizzaDescriptionViewController.swift */; };
		B66B93A32ADF8C7C00C16EAA /* PizzaDescriptionViewModel.swift in Sources */ = {isa = PBXBuildFile; fileRef = B66B93A22ADF8C7C00C16EAA /* PizzaDescriptionViewModel.swift */; };
		B66B93A62ADF8F6700C16EAA /* UIView+.swift in Sources */ = {isa = PBXBuildFile; fileRef = B66B93A52ADF8F6700C16EAA /* UIView+.swift */; };
/* End PBXBuildFile section */

/* Begin PBXFileReference section */
		0A28D7DF5345027076AC94FA /* Pods-ProjectStoryboadDio.release.xcconfig */ = {isa = PBXFileReference; includeInIndex = 1; lastKnownFileType = text.xcconfig; name = "Pods-ProjectStoryboadDio.release.xcconfig"; path = "Target Support Files/Pods-ProjectStoryboadDio/Pods-ProjectStoryboadDio.release.xcconfig"; sourceTree = "<group>"; };
		92AC8EFC32B03040C33C8083 /* Pods-ProjectStoryboadDio.debug.xcconfig */ = {isa = PBXFileReference; includeInIndex = 1; lastKnownFileType = text.xcconfig; name = "Pods-ProjectStoryboadDio.debug.xcconfig"; path = "Target Support Files/Pods-ProjectStoryboadDio/Pods-ProjectStoryboadDio.debug.xcconfig"; sourceTree = "<group>"; };
		B63ADFBC2ADF2CF80022024E /* ProjectStoryboadDio.app */ = {isa = PBXFileReference; explicitFileType = wrapper.application; includeInIndex = 0; path = ProjectStoryboadDio.app; sourceTree = BUILT_PRODUCTS_DIR; };
		B63ADFBF2ADF2CF80022024E /* AppDelegate.swift */ = {isa = PBXFileReference; lastKnownFileType = sourcecode.swift; path = AppDelegate.swift; sourceTree = "<group>"; };
		B63ADFC12ADF2CF80022024E /* SceneDelegate.swift */ = {isa = PBXFileReference; lastKnownFileType = sourcecode.swift; path = SceneDelegate.swift; sourceTree = "<group>"; };
		B63ADFC32ADF2CF80022024E /* PizzaListViewController.swift */ = {isa = PBXFileReference; lastKnownFileType = sourcecode.swift; path = PizzaListViewController.swift; sourceTree = "<group>"; };
		B63ADFC62ADF2CF80022024E /* Base */ = {isa = PBXFileReference; lastKnownFileType = file.storyboard; name = Base; path = Base.lproj/Main.storyboard; sourceTree = "<group>"; };
		B63ADFC82ADF2CFB0022024E /* Assets.xcassets */ = {isa = PBXFileReference; lastKnownFileType = folder.assetcatalog; path = Assets.xcassets; sourceTree = "<group>"; };
		B63ADFCB2ADF2CFB0022024E /* Base */ = {isa = PBXFileReference; lastKnownFileType = file.storyboard; name = Base; path = Base.lproj/LaunchScreen.storyboard; sourceTree = "<group>"; };
		B63ADFCD2ADF2CFB0022024E /* Info.plist */ = {isa = PBXFileReference; lastKnownFileType = text.plist.xml; path = Info.plist; sourceTree = "<group>"; };
		B63ADFDC2ADF343F0022024E /* PizzaListCell.swift */ = {isa = PBXFileReference; lastKnownFileType = sourcecode.swift; path = PizzaListCell.swift; sourceTree = "<group>"; };
		B63ADFDD2ADF343F0022024E /* PizzaListCell.xib */ = {isa = PBXFileReference; lastKnownFileType = file.xib; path = PizzaListCell.xib; sourceTree = "<group>"; };
		B63ADFE22ADF46170022024E /* PizzaDetailView.swift */ = {isa = PBXFileReference; lastKnownFileType = sourcecode.swift; path = PizzaDetailView.swift; sourceTree = "<group>"; };
		B63ADFE42ADF47660022024E /* PizzaDetailViewController.swift */ = {isa = PBXFileReference; lastKnownFileType = sourcecode.swift; path = PizzaDetailViewController.swift; sourceTree = "<group>"; };
		B66B93922ADF674200C16EAA /* Constants.swift */ = {isa = PBXFileReference; lastKnownFileType = sourcecode.swift; path = Constants.swift; sourceTree = "<group>"; };
		B66B93942ADF679300C16EAA /* Request.swift */ = {isa = PBXFileReference; lastKnownFileType = sourcecode.swift; path = Request.swift; sourceTree = "<group>"; };
		B66B93962ADF67D100C16EAA /* Pizza.swift */ = {isa = PBXFileReference; lastKnownFileType = sourcecode.swift; path = Pizza.swift; sourceTree = "<group>"; };
		B66B93982ADF697800C16EAA /* PizzaListViewModel.swift */ = {isa = PBXFileReference; lastKnownFileType = sourcecode.swift; path = PizzaListViewModel.swift; sourceTree = "<group>"; };
		B66B939A2ADF758B00C16EAA /* PizzaDetailViewModel.swift */ = {isa = PBXFileReference; lastKnownFileType = sourcecode.swift; path = PizzaDetailViewModel.swift; sourceTree = "<group>"; };
		B66B939E2ADF89B800C16EAA /* PizzaDescriptionView.swift */ = {isa = PBXFileReference; lastKnownFileType = sourcecode.swift; path = PizzaDescriptionView.swift; sourceTree = "<group>"; };
		B66B93A02ADF8ACF00C16EAA /* PizzaDescriptionViewController.swift */ = {isa = PBXFileReference; lastKnownFileType = sourcecode.swift; path = PizzaDescriptionViewController.swift; sourceTree = "<group>"; };
		B66B93A22ADF8C7C00C16EAA /* PizzaDescriptionViewModel.swift */ = {isa = PBXFileReference; lastKnownFileType = sourcecode.swift; path = PizzaDescriptionViewModel.swift; sourceTree = "<group>"; };
		B66B93A52ADF8F6700C16EAA /* UIView+.swift */ = {isa = PBXFileReference; lastKnownFileType = sourcecode.swift; path = "UIView+.swift"; sourceTree = "<group>"; };
		DFDE437E609F599E3587E765 /* Pods_ProjectStoryboadDio.framework */ = {isa = PBXFileReference; explicitFileType = wrapper.framework; includeInIndex = 0; path = Pods_ProjectStoryboadDio.framework; sourceTree = BUILT_PRODUCTS_DIR; };
/* End PBXFileReference section */

/* Begin PBXFrameworksBuildPhase section */
		B63ADFB92ADF2CF80022024E /* Frameworks */ = {
			isa = PBXFrameworksBuildPhase;
			buildActionMask = 2147483647;
			files = (
				237F9F43A07E286EB4DE750C /* Pods_ProjectStoryboadDio.framework in Frameworks */,
			);
			runOnlyForDeploymentPostprocessing = 0;
		};
/* End PBXFrameworksBuildPhase section */

/* Begin PBXGroup section */
		3D739395265D0A4E5A719D80 /* Frameworks */ = {
			isa = PBXGroup;
			children = (
				DFDE437E609F599E3587E765 /* Pods_ProjectStoryboadDio.framework */,
			);
			name = Frameworks;
			sourceTree = "<group>";
		};
		56DAFBDA22BEA19970AC24E3 /* Pods */ = {
			isa = PBXGroup;
			children = (
				92AC8EFC32B03040C33C8083 /* Pods-ProjectStoryboadDio.debug.xcconfig */,
				0A28D7DF5345027076AC94FA /* Pods-ProjectStoryboadDio.release.xcconfig */,
			);
			path = Pods;
			sourceTree = "<group>";
		};
		B63ADFB32ADF2CF80022024E = {
			isa = PBXGroup;
			children = (
				B63ADFBE2ADF2CF80022024E /* ProjectStoryboadDio */,
				B63ADFBD2ADF2CF80022024E /* Products */,
				56DAFBDA22BEA19970AC24E3 /* Pods */,
				3D739395265D0A4E5A719D80 /* Frameworks */,
			);
			sourceTree = "<group>";
		};
		B63ADFBD2ADF2CF80022024E /* Products */ = {
			isa = PBXGroup;
			children = (
				B63ADFBC2ADF2CF80022024E /* ProjectStoryboadDio.app */,
			);
			name = Products;
			sourceTree = "<group>";
		};
		B63ADFBE2ADF2CF80022024E /* ProjectStoryboadDio */ = {
			isa = PBXGroup;
			children = (
				B63ADFD52ADF2D7E0022024E /* Resources */,
				B63ADFD42ADF2D790022024E /* Sources */,
				B63ADFCD2ADF2CFB0022024E /* Info.plist */,
			);
			path = ProjectStoryboadDio;
			sourceTree = "<group>";
		};
		B63ADFD42ADF2D790022024E /* Sources */ = {
			isa = PBXGroup;
			children = (
				B66B93A42ADF8F4B00C16EAA /* Helpers */,
				B66B938F2ADF66F200C16EAA /* Network */,
				B63ADFD62ADF2DB10022024E /* Controllers */,
			);
			path = Sources;
			sourceTree = "<group>";
		};
		B63ADFD52ADF2D7E0022024E /* Resources */ = {
			isa = PBXGroup;
			children = (
				B63ADFBF2ADF2CF80022024E /* AppDelegate.swift */,
				B63ADFC12ADF2CF80022024E /* SceneDelegate.swift */,
				B63ADFC52ADF2CF80022024E /* Main.storyboard */,
				B63ADFC82ADF2CFB0022024E /* Assets.xcassets */,
				B63ADFCA2ADF2CFB0022024E /* LaunchScreen.storyboard */,
			);
			path = Resources;
			sourceTree = "<group>";
		};
		B63ADFD62ADF2DB10022024E /* Controllers */ = {
			isa = PBXGroup;
			children = (
				B66B939D2ADF898800C16EAA /* PizzaDescription */,
				B63ADFE02ADF45F60022024E /* PizzaDetail */,
				B63ADFD72ADF2DBC0022024E /* PizzaList */,
			);
			path = Controllers;
			sourceTree = "<group>";
		};
		B63ADFD72ADF2DBC0022024E /* PizzaList */ = {
			isa = PBXGroup;
			children = (
				B63ADFDB2ADF2DFF0022024E /* Cell */,
				B63ADFD92ADF2DE00022024E /* Model */,
				B63ADFD82ADF2DD20022024E /* View */,
				B63ADFDA2ADF2DE90022024E /* ViewModel */,
			);
			path = PizzaList;
			sourceTree = "<group>";
		};
		B63ADFD82ADF2DD20022024E /* View */ = {
			isa = PBXGroup;
			children = (
				B63ADFC32ADF2CF80022024E /* PizzaListViewController.swift */,
			);
			path = View;
			sourceTree = "<group>";
		};
		B63ADFD92ADF2DE00022024E /* Model */ = {
			isa = PBXGroup;
			children = (
				B66B93962ADF67D100C16EAA /* Pizza.swift */,
			);
			name = Model;
			sourceTree = "<group>";
		};
		B63ADFDA2ADF2DE90022024E /* ViewModel */ = {
			isa = PBXGroup;
			children = (
				B66B93982ADF697800C16EAA /* PizzaListViewModel.swift */,
			);
			name = ViewModel;
			sourceTree = "<group>";
		};
		B63ADFDB2ADF2DFF0022024E /* Cell */ = {
			isa = PBXGroup;
			children = (
				B63ADFDC2ADF343F0022024E /* PizzaListCell.swift */,
				B63ADFDD2ADF343F0022024E /* PizzaListCell.xib */,
			);
			path = Cell;
			sourceTree = "<group>";
		};
		B63ADFE02ADF45F60022024E /* PizzaDetail */ = {
			isa = PBXGroup;
			children = (
				B63ADFE12ADF46030022024E /* View */,
			);
			path = PizzaDetail;
			sourceTree = "<group>";
		};
		B63ADFE12ADF46030022024E /* View */ = {
			isa = PBXGroup;
			children = (
				B63ADFE22ADF46170022024E /* PizzaDetailView.swift */,
				B63ADFE42ADF47660022024E /* PizzaDetailViewController.swift */,
				B66B939A2ADF758B00C16EAA /* PizzaDetailViewModel.swift */,
			);
			path = View;
			sourceTree = "<group>";
		};
		B66B938F2ADF66F200C16EAA /* Network */ = {
			isa = PBXGroup;
			children = (
				B66B93902ADF671000C16EAA /* Api */,
				B66B93912ADF672100C16EAA /* Request */,
			);
			path = Network;
			sourceTree = "<group>";
		};
		B66B93902ADF671000C16EAA /* Api */ = {
			isa = PBXGroup;
			children = (
				B66B93922ADF674200C16EAA /* Constants.swift */,
			);
			path = Api;
			sourceTree = "<group>";
		};
		B66B93912ADF672100C16EAA /* Request */ = {
			isa = PBXGroup;
			children = (
				B66B93942ADF679300C16EAA /* Request.swift */,
			);
			path = Request;
			sourceTree = "<group>";
		};
		B66B939D2ADF898800C16EAA /* PizzaDescription */ = {
			isa = PBXGroup;
			children = (
				B66B939E2ADF89B800C16EAA /* PizzaDescriptionView.swift */,
				B66B93A02ADF8ACF00C16EAA /* PizzaDescriptionViewController.swift */,
				B66B93A22ADF8C7C00C16EAA /* PizzaDescriptionViewModel.swift */,
			);
			path = PizzaDescription;
			sourceTree = "<group>";
		};
		B66B93A42ADF8F4B00C16EAA /* Helpers */ = {
			isa = PBXGroup;
			children = (
				B66B93A52ADF8F6700C16EAA /* UIView+.swift */,
			);
			path = Helpers;
			sourceTree = "<group>";
		};
/* End PBXGroup section */

/* Begin PBXNativeTarget section */
		B63ADFBB2ADF2CF80022024E /* ProjectStoryboadDio */ = {
			isa = PBXNativeTarget;
			buildConfigurationList = B63ADFD02ADF2CFB0022024E /* Build configuration list for PBXNativeTarget "ProjectStoryboadDio" */;
			buildPhases = (
				D53F7F3175A54EAFC6B8F76A /* [CP] Check Pods Manifest.lock */,
				B63ADFB82ADF2CF80022024E /* Sources */,
				B63ADFB92ADF2CF80022024E /* Frameworks */,
				B63ADFBA2ADF2CF80022024E /* Resources */,
				6752604BB5C3BDE67DAFAAA6 /* [CP] Embed Pods Frameworks */,
			);
			buildRules = (
			);
			dependencies = (
			);
			name = ProjectStoryboadDio;
			productName = ProjectStoryboadDio;
			productReference = B63ADFBC2ADF2CF80022024E /* ProjectStoryboadDio.app */;
			productType = "com.apple.product-type.application";
		};
/* End PBXNativeTarget section */

/* Begin PBXProject section */
		B63ADFB42ADF2CF80022024E /* Project object */ = {
			isa = PBXProject;
			attributes = {
				BuildIndependentTargetsInParallel = 1;
				LastSwiftUpdateCheck = 1500;
				LastUpgradeCheck = 1500;
				TargetAttributes = {
					B63ADFBB2ADF2CF80022024E = {
						CreatedOnToolsVersion = 15.0;
					};
				};
			};
			buildConfigurationList = B63ADFB72ADF2CF80022024E /* Build configuration list for PBXProject "ProjectStoryboadDio" */;
			compatibilityVersion = "Xcode 14.0";
			developmentRegion = en;
			hasScannedForEncodings = 0;
			knownRegions = (
				en,
				Base,
			);
			mainGroup = B63ADFB32ADF2CF80022024E;
			productRefGroup = B63ADFBD2ADF2CF80022024E /* Products */;
			projectDirPath = "";
			projectRoot = "";
			targets = (
				B63ADFBB2ADF2CF80022024E /* ProjectStoryboadDio */,
			);
		};
/* End PBXProject section */

/* Begin PBXResourcesBuildPhase section */
		B63ADFBA2ADF2CF80022024E /* Resources */ = {
			isa = PBXResourcesBuildPhase;
			buildActionMask = 2147483647;
			files = (
				B63ADFDF2ADF343F0022024E /* PizzaListCell.xib in Resources */,
				B63ADFCC2ADF2CFB0022024E /* LaunchScreen.storyboard in Resources */,
				B63ADFC92ADF2CFB0022024E /* Assets.xcassets in Resources */,
				B63ADFC72ADF2CF80022024E /* Main.storyboard in Resources */,
			);
			runOnlyForDeploymentPostprocessing = 0;
		};
/* End PBXResourcesBuildPhase section */

/* Begin PBXShellScriptBuildPhase section */
		6752604BB5C3BDE67DAFAAA6 /* [CP] Embed Pods Frameworks */ = {
			isa = PBXShellScriptBuildPhase;
			buildActionMask = 2147483647;
			files = (
			);
			inputFileListPaths = (
				"${PODS_ROOT}/Target Support Files/Pods-ProjectStoryboadDio/Pods-ProjectStoryboadDio-frameworks-${CONFIGURATION}-input-files.xcfilelist",
			);
			name = "[CP] Embed Pods Frameworks";
			outputFileListPaths = (
				"${PODS_ROOT}/Target Support Files/Pods-ProjectStoryboadDio/Pods-ProjectStoryboadDio-frameworks-${CONFIGURATION}-output-files.xcfilelist",
			);
			runOnlyForDeploymentPostprocessing = 0;
			shellPath = /bin/sh;
			shellScript = "\"${PODS_ROOT}/Target Support Files/Pods-ProjectStoryboadDio/Pods-ProjectStoryboadDio-frameworks.sh\"\n";
			showEnvVarsInLog = 0;
		};
		D53F7F3175A54EAFC6B8F76A /* [CP] Check Pods Manifest.lock */ = {
			isa = PBXShellScriptBuildPhase;
			buildActionMask = 2147483647;
			files = (
			);
			inputFileListPaths = (
			);
			inputPaths = (
				"${PODS_PODFILE_DIR_PATH}/Podfile.lock",
				"${PODS_ROOT}/Manifest.lock",
			);
			name = "[CP] Check Pods Manifest.lock";
			outputFileListPaths = (
			);
			outputPaths = (
				"$(DERIVED_FILE_DIR)/Pods-ProjectStoryboadDio-checkManifestLockResult.txt",
			);
			runOnlyForDeploymentPostprocessing = 0;
			shellPath = /bin/sh;
			shellScript = "diff \"${PODS_PODFILE_DIR_PATH}/Podfile.lock\" \"${PODS_ROOT}/Manifest.lock\" > /dev/null\nif [ $? != 0 ] ; then\n    # print error to STDERR\n    echo \"error: The sandbox is not in sync with the Podfile.lock. Run 'pod install' or update your CocoaPods installation.\" >&2\n    exit 1\nfi\n# This output is used by Xcode 'outputs' to avoid re-running this script phase.\necho \"SUCCESS\" > \"${SCRIPT_OUTPUT_FILE_0}\"\n";
			showEnvVarsInLog = 0;
		};
/* End PBXShellScriptBuildPhase section */

/* Begin PBXSourcesBuildPhase section */
		B63ADFB82ADF2CF80022024E /* Sources */ = {
			isa = PBXSourcesBuildPhase;
			buildActionMask = 2147483647;
			files = (
				B63ADFE52ADF47660022024E /* PizzaDetailViewController.swift in Sources */,
				B66B93992ADF697800C16EAA /* PizzaListViewModel.swift in Sources */,
				B66B93952ADF679300C16EAA /* Request.swift in Sources */,
				B66B93972ADF67D100C16EAA /* Pizza.swift in Sources */,
				B63ADFDE2ADF343F0022024E /* PizzaListCell.swift in Sources */,
				B63ADFC42ADF2CF80022024E /* PizzaListViewController.swift in Sources */,
				B66B93A32ADF8C7C00C16EAA /* PizzaDescriptionViewModel.swift in Sources */,
				B66B939F2ADF89B800C16EAA /* PizzaDescriptionView.swift in Sources */,
				B66B93A12ADF8ACF00C16EAA /* PizzaDescriptionViewController.swift in Sources */,
				B66B93A62ADF8F6700C16EAA /* UIView+.swift in Sources */,
				B63ADFE32ADF46170022024E /* PizzaDetailView.swift in Sources */,
				B66B939B2ADF758B00C16EAA /* PizzaDetailViewModel.swift in Sources */,
				B66B93932ADF674200C16EAA /* Constants.swift in Sources */,
				B63ADFC02ADF2CF80022024E /* AppDelegate.swift in Sources */,
				B63ADFC22ADF2CF80022024E /* SceneDelegate.swift in Sources */,
			);
			runOnlyForDeploymentPostprocessing = 0;
		};
/* End PBXSourcesBuildPhase section */

/* Begin PBXVariantGroup section */
		B63ADFC52ADF2CF80022024E /* Main.storyboard */ = {
			isa = PBXVariantGroup;
			children = (
				B63ADFC62ADF2CF80022024E /* Base */,
			);
			name = Main.storyboard;
			sourceTree = "<group>";
		};
		B63ADFCA2ADF2CFB0022024E /* LaunchScreen.storyboard */ = {
			isa = PBXVariantGroup;
			children = (
				B63ADFCB2ADF2CFB0022024E /* Base */,
			);
			name = LaunchScreen.storyboard;
			sourceTree = "<group>";
		};
/* End PBXVariantGroup section */

/* Begin XCBuildConfiguration section */
		B63ADFCE2ADF2CFB0022024E /* Debug */ = {
			isa = XCBuildConfiguration;
			buildSettings = {
				ALWAYS_SEARCH_USER_PATHS = NO;
				ASSETCATALOG_COMPILER_GENERATE_SWIFT_ASSET_SYMBOL_EXTENSIONS = YES;
				CLANG_ANALYZER_NONNULL = YES;
				CLANG_ANALYZER_NUMBER_OBJECT_CONVERSION = YES_AGGRESSIVE;
				CLANG_CXX_LANGUAGE_STANDARD = "gnu++20";
				CLANG_ENABLE_MODULES = YES;
				CLANG_ENABLE_OBJC_ARC = YES;
				CLANG_ENABLE_OBJC_WEAK = YES;
				CLANG_WARN_BLOCK_CAPTURE_AUTORELEASING = YES;
				CLANG_WARN_BOOL_CONVERSION = YES;
				CLANG_WARN_COMMA = YES;
				CLANG_WARN_CONSTANT_CONVERSION = YES;
				CLANG_WARN_DEPRECATED_OBJC_IMPLEMENTATIONS = YES;
				CLANG_WARN_DIRECT_OBJC_ISA_USAGE = YES_ERROR;
				CLANG_WARN_DOCUMENTATION_COMMENTS = YES;
				CLANG_WARN_EMPTY_BODY = YES;
				CLANG_WARN_ENUM_CONVERSION = YES;
				CLANG_WARN_INFINITE_RECURSION = YES;
				CLANG_WARN_INT_CONVERSION = YES;
				CLANG_WARN_NON_LITERAL_NULL_CONVERSION = YES;
				CLANG_WARN_OBJC_IMPLICIT_RETAIN_SELF = YES;
				CLANG_WARN_OBJC_LITERAL_CONVERSION = YES;
				CLANG_WARN_OBJC_ROOT_CLASS = YES_ERROR;
				CLANG_WARN_QUOTED_INCLUDE_IN_FRAMEWORK_HEADER = YES;
				CLANG_WARN_RANGE_LOOP_ANALYSIS = YES;
				CLANG_WARN_STRICT_PROTOTYPES = YES;
				CLANG_WARN_SUSPICIOUS_MOVE = YES;
				CLANG_WARN_UNGUARDED_AVAILABILITY = YES_AGGRESSIVE;
				CLANG_WARN_UNREACHABLE_CODE = YES;
				CLANG_WARN__DUPLICATE_METHOD_MATCH = YES;
				COPY_PHASE_STRIP = NO;
				DEBUG_INFORMATION_FORMAT = dwarf;
				ENABLE_STRICT_OBJC_MSGSEND = YES;
				ENABLE_TESTABILITY = YES;
				ENABLE_USER_SCRIPT_SANDBOXING = NO;
				GCC_C_LANGUAGE_STANDARD = gnu17;
				GCC_DYNAMIC_NO_PIC = NO;
				GCC_NO_COMMON_BLOCKS = YES;
				GCC_OPTIMIZATION_LEVEL = 0;
				GCC_PREPROCESSOR_DEFINITIONS = (
					"DEBUG=1",
					"$(inherited)",
				);
				GCC_WARN_64_TO_32_BIT_CONVERSION = YES;
				GCC_WARN_ABOUT_RETURN_TYPE = YES_ERROR;
				GCC_WARN_UNDECLARED_SELECTOR = YES;
				GCC_WARN_UNINITIALIZED_AUTOS = YES_AGGRESSIVE;
				GCC_WARN_UNUSED_FUNCTION = YES;
				GCC_WARN_UNUSED_VARIABLE = YES;
				IPHONEOS_DEPLOYMENT_TARGET = 17.0;
				LOCALIZATION_PREFERS_STRING_CATALOGS = YES;
				MTL_ENABLE_DEBUG_INFO = INCLUDE_SOURCE;
				MTL_FAST_MATH = YES;
				ONLY_ACTIVE_ARCH = YES;
				SDKROOT = iphoneos;
				SWIFT_ACTIVE_COMPILATION_CONDITIONS = "DEBUG $(inherited)";
				SWIFT_OPTIMIZATION_LEVEL = "-Onone";
			};
			name = Debug;
		};
		B63ADFCF2ADF2CFB0022024E /* Release */ = {
			isa = XCBuildConfiguration;
			buildSettings = {
				ALWAYS_SEARCH_USER_PATHS = NO;
				ASSETCATALOG_COMPILER_GENERATE_SWIFT_ASSET_SYMBOL_EXTENSIONS = YES;
				CLANG_ANALYZER_NONNULL = YES;
				CLANG_ANALYZER_NUMBER_OBJECT_CONVERSION = YES_AGGRESSIVE;
				CLANG_CXX_LANGUAGE_STANDARD = "gnu++20";
				CLANG_ENABLE_MODULES = YES;
				CLANG_ENABLE_OBJC_ARC = YES;
				CLANG_ENABLE_OBJC_WEAK = YES;
				CLANG_WARN_BLOCK_CAPTURE_AUTORELEASING = YES;
				CLANG_WARN_BOOL_CONVERSION = YES;
				CLANG_WARN_COMMA = YES;
				CLANG_WARN_CONSTANT_CONVERSION = YES;
				CLANG_WARN_DEPRECATED_OBJC_IMPLEMENTATIONS = YES;
				CLANG_WARN_DIRECT_OBJC_ISA_USAGE = YES_ERROR;
				CLANG_WARN_DOCUMENTATION_COMMENTS = YES;
				CLANG_WARN_EMPTY_BODY = YES;
				CLANG_WARN_ENUM_CONVERSION = YES;
				CLANG_WARN_INFINITE_RECURSION = YES;
				CLANG_WARN_INT_CONVERSION = YES;
				CLANG_WARN_NON_LITERAL_NULL_CONVERSION = YES;
				CLANG_WARN_OBJC_IMPLICIT_RETAIN_SELF = YES;
				CLANG_WARN_OBJC_LITERAL_CONVERSION = YES;
				CLANG_WARN_OBJC_ROOT_CLASS = YES_ERROR;
				CLANG_WARN_QUOTED_INCLUDE_IN_FRAMEWORK_HEADER = YES;
				CLANG_WARN_RANGE_LOOP_ANALYSIS = YES;
				CLANG_WARN_STRICT_PROTOTYPES = YES;
				CLANG_WARN_SUSPICIOUS_MOVE = YES;
				CLANG_WARN_UNGUARDED_AVAILABILITY = YES_AGGRESSIVE;
				CLANG_WARN_UNREACHABLE_CODE = YES;
				CLANG_WARN__DUPLICATE_METHOD_MATCH = YES;
				COPY_PHASE_STRIP = NO;
				DEBUG_INFORMATION_FORMAT = "dwarf-with-dsym";
				ENABLE_NS_ASSERTIONS = NO;
				ENABLE_STRICT_OBJC_MSGSEND = YES;
				ENABLE_USER_SCRIPT_SANDBOXING = NO;
				GCC_C_LANGUAGE_STANDARD = gnu17;
				GCC_NO_COMMON_BLOCKS = YES;
				GCC_WARN_64_TO_32_BIT_CONVERSION = YES;
				GCC_WARN_ABOUT_RETURN_TYPE = YES_ERROR;
				GCC_WARN_UNDECLARED_SELECTOR = YES;
				GCC_WARN_UNINITIALIZED_AUTOS = YES_AGGRESSIVE;
				GCC_WARN_UNUSED_FUNCTION = YES;
				GCC_WARN_UNUSED_VARIABLE = YES;
				IPHONEOS_DEPLOYMENT_TARGET = 17.0;
				LOCALIZATION_PREFERS_STRING_CATALOGS = YES;
				MTL_ENABLE_DEBUG_INFO = NO;
				MTL_FAST_MATH = YES;
				SDKROOT = iphoneos;
				SWIFT_COMPILATION_MODE = wholemodule;
				VALIDATE_PRODUCT = YES;
			};
			name = Release;
		};
		B63ADFD12ADF2CFB0022024E /* Debug */ = {
			isa = XCBuildConfiguration;
			baseConfigurationReference = 92AC8EFC32B03040C33C8083 /* Pods-ProjectStoryboadDio.debug.xcconfig */;
			buildSettings = {
				ASSETCATALOG_COMPILER_APPICON_NAME = AppIcon;
				ASSETCATALOG_COMPILER_GLOBAL_ACCENT_COLOR_NAME = AccentColor;
				CODE_SIGN_STYLE = Automatic;
				CURRENT_PROJECT_VERSION = 1;
				GENERATE_INFOPLIST_FILE = YES;
				INFOPLIST_FILE = ProjectStoryboadDio/Info.plist;
				INFOPLIST_KEY_CFBundleDisplayName = "Delicious Pizzas";
				INFOPLIST_KEY_LSApplicationCategoryType = "public.app-category.food-and-drink";
				INFOPLIST_KEY_UIApplicationSupportsIndirectInputEvents = YES;
				INFOPLIST_KEY_UILaunchStoryboardName = LaunchScreen;
				INFOPLIST_KEY_UIMainStoryboardFile = Main;
				INFOPLIST_KEY_UISupportedInterfaceOrientations = UIInterfaceOrientationPortrait;
				INFOPLIST_KEY_UISupportedInterfaceOrientations_iPad = "UIInterfaceOrientationLandscapeLeft UIInterfaceOrientationLandscapeRight UIInterfaceOrientationPortrait UIInterfaceOrientationPortraitUpsideDown";
				IPHONEOS_DEPLOYMENT_TARGET = 13.1;
				LD_RUNPATH_SEARCH_PATHS = (
					"$(inherited)",
					"@executable_path/Frameworks",
				);
				MARKETING_VERSION = 1.0;
				PRODUCT_BUNDLE_IDENTIFIER = "Rogerio-Martins.ProjectStoryboadDio";
				PRODUCT_NAME = "$(TARGET_NAME)";
				SUPPORTED_PLATFORMS = "iphoneos iphonesimulator";
				SUPPORTS_MACCATALYST = NO;
				SUPPORTS_MAC_DESIGNED_FOR_IPHONE_IPAD = NO;
				SWIFT_EMIT_LOC_STRINGS = YES;
				SWIFT_VERSION = 5.0;
				TARGETED_DEVICE_FAMILY = 1;
			};
			name = Debug;
		};
		B63ADFD22ADF2CFB0022024E /* Release */ = {
			isa = XCBuildConfiguration;
			baseConfigurationReference = 0A28D7DF5345027076AC94FA /* Pods-ProjectStoryboadDio.release.xcconfig */;
			buildSettings = {
				ASSETCATALOG_COMPILER_APPICON_NAME = AppIcon;
				ASSETCATALOG_COMPILER_GLOBAL_ACCENT_COLOR_NAME = AccentColor;
				CODE_SIGN_STYLE = Automatic;
				CURRENT_PROJECT_VERSION = 1;
				GENERATE_INFOPLIST_FILE = YES;
				INFOPLIST_FILE = ProjectStoryboadDio/Info.plist;
				INFOPLIST_KEY_CFBundleDisplayName = "Delicious Pizzas";
				INFOPLIST_KEY_LSApplicationCategoryType = "public.app-category.food-and-drink";
				INFOPLIST_KEY_UIApplicationSupportsIndirectInputEvents = YES;
				INFOPLIST_KEY_UILaunchStoryboardName = LaunchScreen;
				INFOPLIST_KEY_UIMainStoryboardFile = Main;
				INFOPLIST_KEY_UISupportedInterfaceOrientations = UIInterfaceOrientationPortrait;
				INFOPLIST_KEY_UISupportedInterfaceOrientations_iPad = "UIInterfaceOrientationLandscapeLeft UIInterfaceOrientationLandscapeRight UIInterfaceOrientationPortrait UIInterfaceOrientationPortraitUpsideDown";
				IPHONEOS_DEPLOYMENT_TARGET = 13.1;
				LD_RUNPATH_SEARCH_PATHS = (
					"$(inherited)",
					"@executable_path/Frameworks",
				);
				MARKETING_VERSION = 1.0;
				PRODUCT_BUNDLE_IDENTIFIER = "Rogerio-Martins.ProjectStoryboadDio";
				PRODUCT_NAME = "$(TARGET_NAME)";
				SUPPORTED_PLATFORMS = "iphoneos iphonesimulator";
				SUPPORTS_MACCATALYST = NO;
				SUPPORTS_MAC_DESIGNED_FOR_IPHONE_IPAD = NO;
				SWIFT_EMIT_LOC_STRINGS = YES;
				SWIFT_VERSION = 5.0;
				TARGETED_DEVICE_FAMILY = 1;
			};
			name = Release;
		};
/* End XCBuildConfiguration section */

/* Begin XCConfigurationList section */
		B63ADFB72ADF2CF80022024E /* Build configuration list for PBXProject "ProjectStoryboadDio" */ = {
			isa = XCConfigurationList;
			buildConfigurations = (
				B63ADFCE2ADF2CFB0022024E /* Debug */,
				B63ADFCF2ADF2CFB0022024E /* Release */,
			);
			defaultConfigurationIsVisible = 0;
			defaultConfigurationName = Release;
		};
		B63ADFD02ADF2CFB0022024E /* Build configuration list for PBXNativeTarget "ProjectStoryboadDio" */ = {
			isa = XCConfigurationList;
			buildConfigurations = (
				B63ADFD12ADF2CFB0022024E /* Debug */,
				B63ADFD22ADF2CFB0022024E /* Release */,
			);
			defaultConfigurationIsVisible = 0;
			defaultConfigurationName = Release;
		};
/* End XCConfigurationList section */
	};
	rootObject = B63ADFB42ADF2CF80022024E /* Project object */;
}
